
Microsoft Visual Studio Solution File, Format Version 12.00
# Visual Studio Version 16
VisualStudioVersion = 16.0.31321.278
MinimumVisualStudioVersion = 10.0.40219.1
Project("{FAE04EC0-301F-11D3-BF4B-00C04F79EFBC}") = "MatrizHabilidadeDataBaseCore", "MatrizHabilidadeDataBaseCore\MatrizHabilidadeDataBaseCore.csproj", "{809EAB8B-0E86-49EE-A813-50305DF693C3}"
EndProject
Global
	GlobalSection(SolutionConfigurationPlatforms) = preSolution
		Debug|Any CPU = Debug|Any CPU
		Release|Any CPU = Release|Any CPU
	EndGlobalSection
	GlobalSection(ProjectConfigurationPlatforms) = postSolution
		{809EAB8B-0E86-49EE-A813-50305DF693C3}.Debug|Any CPU.ActiveCfg = Debug|Any CPU
		{809EAB8B-0E86-49EE-A813-50305DF693C3}.Debug|Any CPU.Build.0 = Debug|Any CPU
		{809EAB8B-0E86-49EE-A813-50305DF693C3}.Release|Any CPU.ActiveCfg = Release|Any CPU
		{809EAB8B-0E86-49EE-A813-50305DF693C3}.Release|Any CPU.Build.0 = Release|Any CPU
	EndGlobalSection
	GlobalSection(SolutionProperties) = preSolution
		HideSolutionNode = FALSE
	EndGlobalSection
	GlobalSection(ExtensibilityGlobals) = postSolution
		SolutionGuid = {7DB4F485-9F2C-411C-BE6F-05AF92D8E298}
	EndGlobalSection
EndGlobal
