
Microsoft Visual Studio Solution File, Format Version 12.00
# Visual Studio Version 16
VisualStudioVersion = 16.0.31321.278
MinimumVisualStudioVersion = 10.0.40219.1
Project("{9A19103F-16F7-4668-BE54-9A1E7A4F7556}") = "MatrizHabilidadeCore", "MatrizHabilidadeCore\MatrizHabilidadeCore.csproj", "{38CC2F47-0654-4AE7-882A-9871D0CFBAA8}"
EndProject
Project("{9A19103F-16F7-4668-BE54-9A1E7A4F7556}") = "MatrizHabilidadeDataBaseCore", "..\MatrizHabilidadeDataBaseCore\MatrizHabilidadeDataBaseCore\MatrizHabilidadeDataBaseCore.csproj", "{AEA6DEAE-980A-4FB7-B15D-D372590C2D9F}"
EndProject
Global
	GlobalSection(SolutionConfigurationPlatforms) = preSolution
		Debug|Any CPU = Debug|Any CPU
		Release|Any CPU = Release|Any CPU
	EndGlobalSection
	GlobalSection(ProjectConfigurationPlatforms) = postSolution
		{38CC2F47-0654-4AE7-882A-9871D0CFBAA8}.Debug|Any CPU.ActiveCfg = Debug|Any CPU
		{38CC2F47-0654-4AE7-882A-9871D0CFBAA8}.Debug|Any CPU.Build.0 = Debug|Any CPU
		{38CC2F47-0654-4AE7-882A-9871D0CFBAA8}.Release|Any CPU.ActiveCfg = Release|Any CPU
		{38CC2F47-0654-4AE7-882A-9871D0CFBAA8}.Release|Any CPU.Build.0 = Release|Any CPU
		{AEA6DEAE-980A-4FB7-B15D-D372590C2D9F}.Debug|Any CPU.ActiveCfg = Debug|Any CPU
		{AEA6DEAE-980A-4FB7-B15D-D372590C2D9F}.Debug|Any CPU.Build.0 = Debug|Any CPU
		{AEA6DEAE-980A-4FB7-B15D-D372590C2D9F}.Release|Any CPU.ActiveCfg = Release|Any CPU
		{AEA6DEAE-980A-4FB7-B15D-D372590C2D9F}.Release|Any CPU.Build.0 = Release|Any CPU
	EndGlobalSection
	GlobalSection(SolutionProperties) = preSolution
		HideSolutionNode = FALSE
	EndGlobalSection
	GlobalSection(ExtensibilityGlobals) = postSolution
		SolutionGuid = {D326F6B2-0335-492E-98D0-D828CDF243BD}
	EndGlobalSection
EndGlobal
